
Microsoft Visual Studio Solution File, Format Version 12.00
# Visual Studio 15
VisualStudioVersion = 15.0.27130.2027
MinimumVisualStudioVersion = 10.0.40219.1
Project("{FAE04EC0-301F-11D3-BF4B-00C04F79EFBC}") = "ToptalTimezones", "ToptalTimezones\ToptalTimezones.csproj", "{096233EF-CCC2-47CA-9C70-46C912E2EF6F}"
EndProject
Global
	GlobalSection(SolutionConfigurationPlatforms) = preSolution
		Debug|Any CPU = Debug|Any CPU
		Release|Any CPU = Release|Any CPU
	EndGlobalSection
	GlobalSection(ProjectConfigurationPlatforms) = postSolution
		{096233EF-CCC2-47CA-9C70-46C912E2EF6F}.Debug|Any CPU.ActiveCfg = Debug|Any CPU
		{096233EF-CCC2-47CA-9C70-46C912E2EF6F}.Debug|Any CPU.Build.0 = Debug|Any CPU
		{096233EF-CCC2-47CA-9C70-46C912E2EF6F}.Release|Any CPU.ActiveCfg = Release|Any CPU
		{096233EF-CCC2-47CA-9C70-46C912E2EF6F}.Release|Any CPU.Build.0 = Release|Any CPU
	EndGlobalSection
	GlobalSection(SolutionProperties) = preSolution
		HideSolutionNode = FALSE
	EndGlobalSection
	GlobalSection(ExtensibilityGlobals) = postSolution
		SolutionGuid = {FDC7ADD2-894C-478F-91A8-F126B0518FF0}
	EndGlobalSection
EndGlobal
